
Microsoft Visual Studio Solution File, Format Version 12.00
# Visual Studio Version 16
VisualStudioVersion = 16.0.28803.352
MinimumVisualStudioVersion = 10.0.40219.1
Project("{FAE04EC0-301F-11D3-BF4B-00C04F79EFBC}") = "GlowHack", "GlowHack\GlowHack.csproj", "{ED889E76-4512-4878-B28D-8CC16F85E227}"
EndProject
Project("{FAE04EC0-301F-11D3-BF4B-00C04F79EFBC}") = "RadarHack", "RadarHack\RadarHack.csproj", "{F5060106-F287-4774-9BBA-66E1DA32916C}"
EndProject
Project("{FAE04EC0-301F-11D3-BF4B-00C04F79EFBC}") = "TriggerBot", "TriggerBot\TriggerBot.csproj", "{C4B8FFE0-3633-4E6D-8F93-E9FDC6D42C8F}"
EndProject
Project("{FAE04EC0-301F-11D3-BF4B-00C04F79EFBC}") = "FlashHack", "Flashhack\FlashHack.csproj", "{79F6AC77-0E96-4125-8453-2352439C173D}"
EndProject
Project("{2150E333-8FDC-42A3-9474-1A3956D46DE8}") = "CSGoHacks", "CSGoHacks", "{48343071-19B5-4EEC-8949-C3FCE135F6A0}"
EndProject
Project("{2150E333-8FDC-42A3-9474-1A3956D46DE8}") = "Common", "Common", "{7D426F10-DC0B-442B-B6BF-55FA6162739D}"
EndProject
Project("{FAE04EC0-301F-11D3-BF4B-00C04F79EFBC}") = "Offsets", "Offsets\Offsets.csproj", "{AAF40AA9-A945-4E55-8E7C-D81AD119A54A}"
EndProject
Project("{FAE04EC0-301F-11D3-BF4B-00C04F79EFBC}") = "MemoryProcessing", "ProcessMemory\MemoryProcessing.csproj", "{33FFEA9A-A4D3-4295-8E57-7377388A83AD}"
EndProject
Project("{FAE04EC0-301F-11D3-BF4B-00C04F79EFBC}") = "Stealth", "Stealth\Stealth.csproj", "{E571CA2F-1BAB-49AC-8A28-E686B34C953E}"
EndProject
Project("{FAE04EC0-301F-11D3-BF4B-00C04F79EFBC}") = "GameSupport", "GameSupport\GameSupport.csproj", "{27E4451D-4F99-45BA-BDC0-2E1D0017491B}"
EndProject
Project("{FAE04EC0-301F-11D3-BF4B-00C04F79EFBC}") = "BunnyHop", "BunnyHop\BunnyHop.csproj", "{7D26D358-32F0-4F9C-9731-02C7DE55531F}"
EndProject
Project("{FAE04EC0-301F-11D3-BF4B-00C04F79EFBC}") = "GodMode", "GodMode\GodMode.csproj", "{2B5BAFE9-D7D7-4539-A548-83603BD9B883}"
EndProject
Project("{FAE04EC0-301F-11D3-BF4B-00C04F79EFBC}") = "AimAssist", "AimAssist\AimAssist.csproj", "{CD2D591D-623B-4F44-812E-C4F58475A92A}"
EndProject
Project("{FAE04EC0-301F-11D3-BF4B-00C04F79EFBC}") = "AimBot", "AimBot\AimBot.csproj", "{92BDB74D-BD57-444F-A98F-EDE4300F861F}"
EndProject
Project("{FAE04EC0-301F-11D3-BF4B-00C04F79EFBC}") = "Models", "Models\Models.csproj", "{4C144348-3136-4BF4-AF07-60BA721BB0DB}"
EndProject
Project("{FAE04EC0-301F-11D3-BF4B-00C04F79EFBC}") = "GameSupportConsole", "GameSupportConsole\GameSupportConsole.csproj", "{5FCC9613-72F0-4745-9EDD-D47F13DBEDE8}"
EndProject
Global
	GlobalSection(SolutionConfigurationPlatforms) = preSolution
		Debug|Any CPU = Debug|Any CPU
		Debug|Mixed Platforms = Debug|Mixed Platforms
		Debug|Win32 = Debug|Win32
		Release|Any CPU = Release|Any CPU
		Release|Mixed Platforms = Release|Mixed Platforms
		Release|Win32 = Release|Win32
	EndGlobalSection
	GlobalSection(ProjectConfigurationPlatforms) = postSolution
		{ED889E76-4512-4878-B28D-8CC16F85E227}.Debug|Any CPU.ActiveCfg = Debug|Any CPU
		{ED889E76-4512-4878-B28D-8CC16F85E227}.Debug|Any CPU.Build.0 = Debug|Any CPU
		{ED889E76-4512-4878-B28D-8CC16F85E227}.Debug|Mixed Platforms.ActiveCfg = Debug|Any CPU
		{ED889E76-4512-4878-B28D-8CC16F85E227}.Debug|Mixed Platforms.Build.0 = Debug|Any CPU
		{ED889E76-4512-4878-B28D-8CC16F85E227}.Debug|Win32.ActiveCfg = Debug|Any CPU
		{ED889E76-4512-4878-B28D-8CC16F85E227}.Release|Any CPU.ActiveCfg = Release|Any CPU
		{ED889E76-4512-4878-B28D-8CC16F85E227}.Release|Any CPU.Build.0 = Release|Any CPU
		{ED889E76-4512-4878-B28D-8CC16F85E227}.Release|Mixed Platforms.ActiveCfg = Release|Any CPU
		{ED889E76-4512-4878-B28D-8CC16F85E227}.Release|Mixed Platforms.Build.0 = Release|Any CPU
		{ED889E76-4512-4878-B28D-8CC16F85E227}.Release|Win32.ActiveCfg = Release|Any CPU
		{F5060106-F287-4774-9BBA-66E1DA32916C}.Debug|Any CPU.ActiveCfg = Debug|Any CPU
		{F5060106-F287-4774-9BBA-66E1DA32916C}.Debug|Any CPU.Build.0 = Debug|Any CPU
		{F5060106-F287-4774-9BBA-66E1DA32916C}.Debug|Mixed Platforms.ActiveCfg = Debug|Any CPU
		{F5060106-F287-4774-9BBA-66E1DA32916C}.Debug|Mixed Platforms.Build.0 = Debug|Any CPU
		{F5060106-F287-4774-9BBA-66E1DA32916C}.Debug|Win32.ActiveCfg = Debug|Any CPU
		{F5060106-F287-4774-9BBA-66E1DA32916C}.Release|Any CPU.ActiveCfg = Release|Any CPU
		{F5060106-F287-4774-9BBA-66E1DA32916C}.Release|Any CPU.Build.0 = Release|Any CPU
		{F5060106-F287-4774-9BBA-66E1DA32916C}.Release|Mixed Platforms.ActiveCfg = Release|Any CPU
		{F5060106-F287-4774-9BBA-66E1DA32916C}.Release|Mixed Platforms.Build.0 = Release|Any CPU
		{F5060106-F287-4774-9BBA-66E1DA32916C}.Release|Win32.ActiveCfg = Release|Any CPU
		{C4B8FFE0-3633-4E6D-8F93-E9FDC6D42C8F}.Debug|Any CPU.ActiveCfg = Debug|Any CPU
		{C4B8FFE0-3633-4E6D-8F93-E9FDC6D42C8F}.Debug|Any CPU.Build.0 = Debug|Any CPU
		{C4B8FFE0-3633-4E6D-8F93-E9FDC6D42C8F}.Debug|Mixed Platforms.ActiveCfg = Debug|Any CPU
		{C4B8FFE0-3633-4E6D-8F93-E9FDC6D42C8F}.Debug|Mixed Platforms.Build.0 = Debug|Any CPU
		{C4B8FFE0-3633-4E6D-8F93-E9FDC6D42C8F}.Debug|Win32.ActiveCfg = Debug|Any CPU
		{C4B8FFE0-3633-4E6D-8F93-E9FDC6D42C8F}.Release|Any CPU.ActiveCfg = Release|Any CPU
		{C4B8FFE0-3633-4E6D-8F93-E9FDC6D42C8F}.Release|Any CPU.Build.0 = Release|Any CPU
		{C4B8FFE0-3633-4E6D-8F93-E9FDC6D42C8F}.Release|Mixed Platforms.ActiveCfg = Release|Any CPU
		{C4B8FFE0-3633-4E6D-8F93-E9FDC6D42C8F}.Release|Mixed Platforms.Build.0 = Release|Any CPU
		{C4B8FFE0-3633-4E6D-8F93-E9FDC6D42C8F}.Release|Win32.ActiveCfg = Release|Any CPU
		{79F6AC77-0E96-4125-8453-2352439C173D}.Debug|Any CPU.ActiveCfg = Debug|Any CPU
		{79F6AC77-0E96-4125-8453-2352439C173D}.Debug|Any CPU.Build.0 = Debug|Any CPU
		{79F6AC77-0E96-4125-8453-2352439C173D}.Debug|Mixed Platforms.ActiveCfg = Debug|Any CPU
		{79F6AC77-0E96-4125-8453-2352439C173D}.Debug|Mixed Platforms.Build.0 = Debug|Any CPU
		{79F6AC77-0E96-4125-8453-2352439C173D}.Debug|Win32.ActiveCfg = Debug|Any CPU
		{79F6AC77-0E96-4125-8453-2352439C173D}.Release|Any CPU.ActiveCfg = Release|Any CPU
		{79F6AC77-0E96-4125-8453-2352439C173D}.Release|Any CPU.Build.0 = Release|Any CPU
		{79F6AC77-0E96-4125-8453-2352439C173D}.Release|Mixed Platforms.ActiveCfg = Release|Any CPU
		{79F6AC77-0E96-4125-8453-2352439C173D}.Release|Mixed Platforms.Build.0 = Release|Any CPU
		{79F6AC77-0E96-4125-8453-2352439C173D}.Release|Win32.ActiveCfg = Release|Any CPU
		{AAF40AA9-A945-4E55-8E7C-D81AD119A54A}.Debug|Any CPU.ActiveCfg = Debug|Any CPU
		{AAF40AA9-A945-4E55-8E7C-D81AD119A54A}.Debug|Any CPU.Build.0 = Debug|Any CPU
		{AAF40AA9-A945-4E55-8E7C-D81AD119A54A}.Debug|Mixed Platforms.ActiveCfg = Debug|Any CPU
		{AAF40AA9-A945-4E55-8E7C-D81AD119A54A}.Debug|Mixed Platforms.Build.0 = Debug|Any CPU
		{AAF40AA9-A945-4E55-8E7C-D81AD119A54A}.Debug|Win32.ActiveCfg = Debug|Any CPU
		{AAF40AA9-A945-4E55-8E7C-D81AD119A54A}.Release|Any CPU.ActiveCfg = Release|Any CPU
		{AAF40AA9-A945-4E55-8E7C-D81AD119A54A}.Release|Any CPU.Build.0 = Release|Any CPU
		{AAF40AA9-A945-4E55-8E7C-D81AD119A54A}.Release|Mixed Platforms.ActiveCfg = Release|Any CPU
		{AAF40AA9-A945-4E55-8E7C-D81AD119A54A}.Release|Mixed Platforms.Build.0 = Release|Any CPU
		{AAF40AA9-A945-4E55-8E7C-D81AD119A54A}.Release|Win32.ActiveCfg = Release|Any CPU
		{33FFEA9A-A4D3-4295-8E57-7377388A83AD}.Debug|Any CPU.ActiveCfg = Debug|Any CPU
		{33FFEA9A-A4D3-4295-8E57-7377388A83AD}.Debug|Any CPU.Build.0 = Debug|Any CPU
		{33FFEA9A-A4D3-4295-8E57-7377388A83AD}.Debug|Mixed Platforms.ActiveCfg = Debug|Any CPU
		{33FFEA9A-A4D3-4295-8E57-7377388A83AD}.Debug|Mixed Platforms.Build.0 = Debug|Any CPU
		{33FFEA9A-A4D3-4295-8E57-7377388A83AD}.Debug|Win32.ActiveCfg = Debug|Any CPU
		{33FFEA9A-A4D3-4295-8E57-7377388A83AD}.Release|Any CPU.ActiveCfg = Release|Any CPU
		{33FFEA9A-A4D3-4295-8E57-7377388A83AD}.Release|Any CPU.Build.0 = Release|Any CPU
		{33FFEA9A-A4D3-4295-8E57-7377388A83AD}.Release|Mixed Platforms.ActiveCfg = Release|Any CPU
		{33FFEA9A-A4D3-4295-8E57-7377388A83AD}.Release|Mixed Platforms.Build.0 = Release|Any CPU
		{33FFEA9A-A4D3-4295-8E57-7377388A83AD}.Release|Win32.ActiveCfg = Release|Any CPU
		{E571CA2F-1BAB-49AC-8A28-E686B34C953E}.Debug|Any CPU.ActiveCfg = Debug|Any CPU
		{E571CA2F-1BAB-49AC-8A28-E686B34C953E}.Debug|Any CPU.Build.0 = Debug|Any CPU
		{E571CA2F-1BAB-49AC-8A28-E686B34C953E}.Debug|Mixed Platforms.ActiveCfg = Debug|Any CPU
		{E571CA2F-1BAB-49AC-8A28-E686B34C953E}.Debug|Mixed Platforms.Build.0 = Debug|Any CPU
		{E571CA2F-1BAB-49AC-8A28-E686B34C953E}.Debug|Win32.ActiveCfg = Debug|Any CPU
		{E571CA2F-1BAB-49AC-8A28-E686B34C953E}.Release|Any CPU.ActiveCfg = Release|Any CPU
		{E571CA2F-1BAB-49AC-8A28-E686B34C953E}.Release|Any CPU.Build.0 = Release|Any CPU
		{E571CA2F-1BAB-49AC-8A28-E686B34C953E}.Release|Mixed Platforms.ActiveCfg = Release|Any CPU
		{E571CA2F-1BAB-49AC-8A28-E686B34C953E}.Release|Mixed Platforms.Build.0 = Release|Any CPU
		{E571CA2F-1BAB-49AC-8A28-E686B34C953E}.Release|Win32.ActiveCfg = Release|Any CPU
		{27E4451D-4F99-45BA-BDC0-2E1D0017491B}.Debug|Any CPU.ActiveCfg = Debug|Any CPU
		{27E4451D-4F99-45BA-BDC0-2E1D0017491B}.Debug|Any CPU.Build.0 = Debug|Any CPU
		{27E4451D-4F99-45BA-BDC0-2E1D0017491B}.Debug|Mixed Platforms.ActiveCfg = Debug|Any CPU
		{27E4451D-4F99-45BA-BDC0-2E1D0017491B}.Debug|Mixed Platforms.Build.0 = Debug|Any CPU
		{27E4451D-4F99-45BA-BDC0-2E1D0017491B}.Debug|Win32.ActiveCfg = Debug|Any CPU
		{27E4451D-4F99-45BA-BDC0-2E1D0017491B}.Release|Any CPU.ActiveCfg = Release|Any CPU
		{27E4451D-4F99-45BA-BDC0-2E1D0017491B}.Release|Any CPU.Build.0 = Release|Any CPU
		{27E4451D-4F99-45BA-BDC0-2E1D0017491B}.Release|Mixed Platforms.ActiveCfg = Release|Any CPU
		{27E4451D-4F99-45BA-BDC0-2E1D0017491B}.Release|Mixed Platforms.Build.0 = Release|Any CPU
		{27E4451D-4F99-45BA-BDC0-2E1D0017491B}.Release|Win32.ActiveCfg = Release|Any CPU
		{7D26D358-32F0-4F9C-9731-02C7DE55531F}.Debug|Any CPU.ActiveCfg = Debug|Any CPU
		{7D26D358-32F0-4F9C-9731-02C7DE55531F}.Debug|Any CPU.Build.0 = Debug|Any CPU
		{7D26D358-32F0-4F9C-9731-02C7DE55531F}.Debug|Mixed Platforms.ActiveCfg = Debug|Any CPU
		{7D26D358-32F0-4F9C-9731-02C7DE55531F}.Debug|Mixed Platforms.Build.0 = Debug|Any CPU
		{7D26D358-32F0-4F9C-9731-02C7DE55531F}.Debug|Win32.ActiveCfg = Debug|Any CPU
		{7D26D358-32F0-4F9C-9731-02C7DE55531F}.Release|Any CPU.ActiveCfg = Release|Any CPU
		{7D26D358-32F0-4F9C-9731-02C7DE55531F}.Release|Any CPU.Build.0 = Release|Any CPU
		{7D26D358-32F0-4F9C-9731-02C7DE55531F}.Release|Mixed Platforms.ActiveCfg = Release|Any CPU
		{7D26D358-32F0-4F9C-9731-02C7DE55531F}.Release|Mixed Platforms.Build.0 = Release|Any CPU
		{7D26D358-32F0-4F9C-9731-02C7DE55531F}.Release|Win32.ActiveCfg = Release|Any CPU
		{2B5BAFE9-D7D7-4539-A548-83603BD9B883}.Debug|Any CPU.ActiveCfg = Debug|Any CPU
		{2B5BAFE9-D7D7-4539-A548-83603BD9B883}.Debug|Any CPU.Build.0 = Debug|Any CPU
		{2B5BAFE9-D7D7-4539-A548-83603BD9B883}.Debug|Mixed Platforms.ActiveCfg = Debug|Any CPU
		{2B5BAFE9-D7D7-4539-A548-83603BD9B883}.Debug|Mixed Platforms.Build.0 = Debug|Any CPU
		{2B5BAFE9-D7D7-4539-A548-83603BD9B883}.Debug|Win32.ActiveCfg = Debug|Any CPU
		{2B5BAFE9-D7D7-4539-A548-83603BD9B883}.Release|Any CPU.ActiveCfg = Release|Any CPU
		{2B5BAFE9-D7D7-4539-A548-83603BD9B883}.Release|Any CPU.Build.0 = Release|Any CPU
		{2B5BAFE9-D7D7-4539-A548-83603BD9B883}.Release|Mixed Platforms.ActiveCfg = Release|Any CPU
		{2B5BAFE9-D7D7-4539-A548-83603BD9B883}.Release|Mixed Platforms.Build.0 = Release|Any CPU
		{2B5BAFE9-D7D7-4539-A548-83603BD9B883}.Release|Win32.ActiveCfg = Release|Any CPU
		{CD2D591D-623B-4F44-812E-C4F58475A92A}.Debug|Any CPU.ActiveCfg = Debug|Any CPU
		{CD2D591D-623B-4F44-812E-C4F58475A92A}.Debug|Any CPU.Build.0 = Debug|Any CPU
		{CD2D591D-623B-4F44-812E-C4F58475A92A}.Debug|Mixed Platforms.ActiveCfg = Debug|Any CPU
		{CD2D591D-623B-4F44-812E-C4F58475A92A}.Debug|Mixed Platforms.Build.0 = Debug|Any CPU
		{CD2D591D-623B-4F44-812E-C4F58475A92A}.Debug|Win32.ActiveCfg = Debug|Any CPU
		{CD2D591D-623B-4F44-812E-C4F58475A92A}.Release|Any CPU.ActiveCfg = Release|Any CPU
		{CD2D591D-623B-4F44-812E-C4F58475A92A}.Release|Any CPU.Build.0 = Release|Any CPU
		{CD2D591D-623B-4F44-812E-C4F58475A92A}.Release|Mixed Platforms.ActiveCfg = Release|Any CPU
		{CD2D591D-623B-4F44-812E-C4F58475A92A}.Release|Mixed Platforms.Build.0 = Release|Any CPU
		{CD2D591D-623B-4F44-812E-C4F58475A92A}.Release|Win32.ActiveCfg = Release|Any CPU
		{92BDB74D-BD57-444F-A98F-EDE4300F861F}.Debug|Any CPU.ActiveCfg = Debug|Any CPU
		{92BDB74D-BD57-444F-A98F-EDE4300F861F}.Debug|Any CPU.Build.0 = Debug|Any CPU
		{92BDB74D-BD57-444F-A98F-EDE4300F861F}.Debug|Mixed Platforms.ActiveCfg = Debug|Any CPU
		{92BDB74D-BD57-444F-A98F-EDE4300F861F}.Debug|Mixed Platforms.Build.0 = Debug|Any CPU
		{92BDB74D-BD57-444F-A98F-EDE4300F861F}.Debug|Win32.ActiveCfg = Debug|Any CPU
		{92BDB74D-BD57-444F-A98F-EDE4300F861F}.Release|Any CPU.ActiveCfg = Release|Any CPU
		{92BDB74D-BD57-444F-A98F-EDE4300F861F}.Release|Any CPU.Build.0 = Release|Any CPU
		{92BDB74D-BD57-444F-A98F-EDE4300F861F}.Release|Mixed Platforms.ActiveCfg = Release|Any CPU
		{92BDB74D-BD57-444F-A98F-EDE4300F861F}.Release|Mixed Platforms.Build.0 = Release|Any CPU
		{92BDB74D-BD57-444F-A98F-EDE4300F861F}.Release|Win32.ActiveCfg = Release|Any CPU
		{4C144348-3136-4BF4-AF07-60BA721BB0DB}.Debug|Any CPU.ActiveCfg = Debug|Any CPU
		{4C144348-3136-4BF4-AF07-60BA721BB0DB}.Debug|Any CPU.Build.0 = Debug|Any CPU
		{4C144348-3136-4BF4-AF07-60BA721BB0DB}.Debug|Mixed Platforms.ActiveCfg = Debug|Any CPU
		{4C144348-3136-4BF4-AF07-60BA721BB0DB}.Debug|Mixed Platforms.Build.0 = Debug|Any CPU
		{4C144348-3136-4BF4-AF07-60BA721BB0DB}.Debug|Win32.ActiveCfg = Debug|Any CPU
		{4C144348-3136-4BF4-AF07-60BA721BB0DB}.Release|Any CPU.ActiveCfg = Release|Any CPU
		{4C144348-3136-4BF4-AF07-60BA721BB0DB}.Release|Any CPU.Build.0 = Release|Any CPU
		{4C144348-3136-4BF4-AF07-60BA721BB0DB}.Release|Mixed Platforms.ActiveCfg = Release|Any CPU
		{4C144348-3136-4BF4-AF07-60BA721BB0DB}.Release|Mixed Platforms.Build.0 = Release|Any CPU
		{4C144348-3136-4BF4-AF07-60BA721BB0DB}.Release|Win32.ActiveCfg = Release|Any CPU
		{5FCC9613-72F0-4745-9EDD-D47F13DBEDE8}.Debug|Any CPU.ActiveCfg = Debug|Any CPU
		{5FCC9613-72F0-4745-9EDD-D47F13DBEDE8}.Debug|Any CPU.Build.0 = Debug|Any CPU
		{5FCC9613-72F0-4745-9EDD-D47F13DBEDE8}.Debug|Mixed Platforms.ActiveCfg = Debug|Any CPU
		{5FCC9613-72F0-4745-9EDD-D47F13DBEDE8}.Debug|Mixed Platforms.Build.0 = Debug|Any CPU
		{5FCC9613-72F0-4745-9EDD-D47F13DBEDE8}.Debug|Win32.ActiveCfg = Debug|Any CPU
		{5FCC9613-72F0-4745-9EDD-D47F13DBEDE8}.Debug|Win32.Build.0 = Debug|Any CPU
		{5FCC9613-72F0-4745-9EDD-D47F13DBEDE8}.Release|Any CPU.ActiveCfg = Release|Any CPU
		{5FCC9613-72F0-4745-9EDD-D47F13DBEDE8}.Release|Any CPU.Build.0 = Release|Any CPU
		{5FCC9613-72F0-4745-9EDD-D47F13DBEDE8}.Release|Mixed Platforms.ActiveCfg = Release|Any CPU
		{5FCC9613-72F0-4745-9EDD-D47F13DBEDE8}.Release|Mixed Platforms.Build.0 = Release|Any CPU
		{5FCC9613-72F0-4745-9EDD-D47F13DBEDE8}.Release|Win32.ActiveCfg = Release|Any CPU
		{5FCC9613-72F0-4745-9EDD-D47F13DBEDE8}.Release|Win32.Build.0 = Release|Any CPU
	EndGlobalSection
	GlobalSection(SolutionProperties) = preSolution
		HideSolutionNode = FALSE
	EndGlobalSection
	GlobalSection(NestedProjects) = preSolution
		{ED889E76-4512-4878-B28D-8CC16F85E227} = {48343071-19B5-4EEC-8949-C3FCE135F6A0}
		{F5060106-F287-4774-9BBA-66E1DA32916C} = {48343071-19B5-4EEC-8949-C3FCE135F6A0}
		{C4B8FFE0-3633-4E6D-8F93-E9FDC6D42C8F} = {48343071-19B5-4EEC-8949-C3FCE135F6A0}
		{79F6AC77-0E96-4125-8453-2352439C173D} = {48343071-19B5-4EEC-8949-C3FCE135F6A0}
		{AAF40AA9-A945-4E55-8E7C-D81AD119A54A} = {7D426F10-DC0B-442B-B6BF-55FA6162739D}
		{33FFEA9A-A4D3-4295-8E57-7377388A83AD} = {7D426F10-DC0B-442B-B6BF-55FA6162739D}
		{E571CA2F-1BAB-49AC-8A28-E686B34C953E} = {7D426F10-DC0B-442B-B6BF-55FA6162739D}
		{7D26D358-32F0-4F9C-9731-02C7DE55531F} = {48343071-19B5-4EEC-8949-C3FCE135F6A0}
		{2B5BAFE9-D7D7-4539-A548-83603BD9B883} = {48343071-19B5-4EEC-8949-C3FCE135F6A0}
		{CD2D591D-623B-4F44-812E-C4F58475A92A} = {48343071-19B5-4EEC-8949-C3FCE135F6A0}
		{92BDB74D-BD57-444F-A98F-EDE4300F861F} = {48343071-19B5-4EEC-8949-C3FCE135F6A0}
		{4C144348-3136-4BF4-AF07-60BA721BB0DB} = {7D426F10-DC0B-442B-B6BF-55FA6162739D}
	EndGlobalSection
	GlobalSection(ExtensibilityGlobals) = postSolution
		SolutionGuid = {4F87B24C-2064-4A71-BC77-55F0E2C2FF2B}
	EndGlobalSection
EndGlobal
