<?xml version="1.0" encoding="utf-8"?>
<Project ToolsVersion="4.0" xmlns="http://schemas.microsoft.com/developer/msbuild/2003">
  <ItemGroup>
    <Filter Include="Source Files">
      <UniqueIdentifier>{4FC737F1-C7A5-4376-A066-2A32D752A2FF}</UniqueIdentifier>
      <Extensions>cpp;c;cc;cxx;def;odl;idl;hpj;bat;asm;asmx</Extensions>
    </Filter>
    <Filter Include="Header Files">
      <UniqueIdentifier>{93995380-89BD-4b04-88EB-625FBE52EBFB}</UniqueIdentifier>
      <Extensions>h;hh;hpp;hxx;hm;inl;inc;ipp;xsd</Extensions>
    </Filter>
    <Filter Include="Resource Files">
      <UniqueIdentifier>{67DA6AB6-F800-4c08-8B7A-83BB121AAD01}</UniqueIdentifier>
      <Extensions>rc;ico;cur;bmp;dlg;rc2;rct;bin;rgs;gif;jpg;jpeg;jpe;resx;tiff;tif;png;wav;mfcribbon-ms</Extensions>
    </Filter>
  </ItemGroup>
  <ItemGroup>
    <ClCompile Include="aimbot.cpp">
      <Filter>Source Files</Filter>
    </ClCompile>
    <ClCompile Include="autoaccept.cpp">
      <Filter>Source Files</Filter>
    </ClCompile>
    <ClCompile Include="autodefuse.cpp">
      <Filter>Source Files</Filter>
    </ClCompile>
    <ClCompile Include="autowall.cpp">
      <Filter>Source Files</Filter>
    </ClCompile>
    <ClCompile Include="bunnyhop.cpp">
      <Filter>Source Files</Filter>
    </ClCompile>
    <ClCompile Include="Button.cpp">
      <Filter>Source Files</Filter>
    </ClCompile>
    <ClCompile Include="chams.cpp">
      <Filter>Source Files</Filter>
    </ClCompile>
    <ClCompile Include="Checkbox.cpp">
      <Filter>Source Files</Filter>
    </ClCompile>
    <ClCompile Include="color.cpp">
      <Filter>Source Files</Filter>
    </ClCompile>
    <ClCompile Include="ColorPicker.cpp">
      <Filter>Source Files</Filter>
    </ClCompile>
    <ClCompile Include="ComboBox.cpp">
      <Filter>Source Files</Filter>
    </ClCompile>
    <ClCompile Include="controls.cpp">
      <Filter>Source Files</Filter>
    </ClCompile>
    <ClCompile Include="dlights.cpp">
      <Filter>Source Files</Filter>
    </ClCompile>
    <ClCompile Include="entity.cpp">
      <Filter>Source Files</Filter>
    </ClCompile>
    <ClCompile Include="esp.cpp">
      <Filter>Source Files</Filter>
    </ClCompile>
    <ClCompile Include="fonts.cpp">
      <Filter>Source Files</Filter>
    </ClCompile>
    <ClCompile Include="gameevents.cpp">
      <Filter>Source Files</Filter>
    </ClCompile>
    <ClCompile Include="globals.cpp">
      <Filter>Source Files</Filter>
    </ClCompile>
    <ClCompile Include="glovechanger.cpp">
      <Filter>Source Files</Filter>
    </ClCompile>
    <ClCompile Include="glow.cpp">
      <Filter>Source Files</Filter>
    </ClCompile>
    <ClCompile Include="Group.cpp">
      <Filter>Source Files</Filter>
    </ClCompile>
    <ClCompile Include="GUI.cpp">
      <Filter>Source Files</Filter>
    </ClCompile>
    <ClCompile Include="hitmarkers.cpp">
      <Filter>Source Files</Filter>
    </ClCompile>
    <ClCompile Include="hooks.cpp">
      <Filter>Source Files</Filter>
    </ClCompile>
    <ClCompile Include="IControl.cpp">
      <Filter>Source Files</Filter>
    </ClCompile>
    <ClCompile Include="IMenu.cpp">
      <Filter>Source Files</Filter>
    </ClCompile>
    <ClCompile Include="interfaces.cpp">
      <Filter>Source Files</Filter>
    </ClCompile>
    <ClCompile Include="KeyBind.cpp">
      <Filter>Source Files</Filter>
    </ClCompile>
    <ClCompile Include="KeyValues.cpp">
      <Filter>Source Files</Filter>
    </ClCompile>
    <ClCompile Include="main.cpp">
      <Filter>Source Files</Filter>
    </ClCompile>
    <ClCompile Include="math.cpp">
      <Filter>Source Files</Filter>
    </ClCompile>
    <ClCompile Include="menu.cpp">
      <Filter>Source Files</Filter>
    </ClCompile>
    <ClCompile Include="nadehelper.cpp">
      <Filter>Source Files</Filter>
    </ClCompile>
    <ClCompile Include="nadepred.cpp">
      <Filter>Source Files</Filter>
    </ClCompile>
    <ClCompile Include="netvar.cpp">
      <Filter>Source Files</Filter>
    </ClCompile>
    <ClCompile Include="noflash.cpp">
      <Filter>Source Files</Filter>
    </ClCompile>
    <ClCompile Include="nosmoke.cpp">
      <Filter>Source Files</Filter>
    </ClCompile>
    <ClCompile Include="offsets.cpp">
      <Filter>Source Files</Filter>
    </ClCompile>
    <ClCompile Include="overrideview.cpp">
      <Filter>Source Files</Filter>
    </ClCompile>
    <ClCompile Include="Path.cpp">
      <Filter>Source Files</Filter>
    </ClCompile>
    <ClCompile Include="rcs.cpp">
      <Filter>Source Files</Filter>
    </ClCompile>
    <ClCompile Include="render.cpp">
      <Filter>Source Files</Filter>
    </ClCompile>
    <ClCompile Include="SearchBox.cpp">
      <Filter>Source Files</Filter>
    </ClCompile>
    <ClCompile Include="skinchanger.cpp">
      <Filter>Source Files</Filter>
    </ClCompile>
    <ClCompile Include="skinparser.cpp">
      <Filter>Source Files</Filter>
    </ClCompile>
    <ClCompile Include="SkyChanger.cpp">
      <Filter>Source Files</Filter>
    </ClCompile>
    <ClCompile Include="Slider.cpp">
      <Filter>Source Files</Filter>
    </ClCompile>
    <ClCompile Include="speclist.cpp">
      <Filter>Source Files</Filter>
    </ClCompile>
    <ClCompile Include="SpotifyControls.cpp">
      <Filter>Source Files</Filter>
    </ClCompile>
    <ClCompile Include="stickers.cpp">
      <Filter>Source Files</Filter>
    </ClCompile>
    <ClCompile Include="Tab.cpp">
      <Filter>Source Files</Filter>
    </ClCompile>
    <ClCompile Include="thirdperson.cpp">
      <Filter>Source Files</Filter>
    </ClCompile>
    <ClCompile Include="tinyxml.cpp">
      <Filter>Source Files</Filter>
    </ClCompile>
    <ClCompile Include="Toggle.cpp">
      <Filter>Source Files</Filter>
    </ClCompile>
    <ClCompile Include="triggerbot.cpp">
      <Filter>Source Files</Filter>
    </ClCompile>
    <ClCompile Include="utilities.cpp">
      <Filter>Source Files</Filter>
    </ClCompile>
  </ItemGroup>
  <ItemGroup>
    <ClInclude Include="aimbot.h">
      <Filter>Header Files</Filter>
    </ClInclude>
    <ClInclude Include="autoaccept.h">
      <Filter>Header Files</Filter>
    </ClInclude>
    <ClInclude Include="autodefuse.h">
      <Filter>Header Files</Filter>
    </ClInclude>
    <ClInclude Include="autowall.h">
      <Filter>Header Files</Filter>
    </ClInclude>
    <ClInclude Include="bunnyhop.h">
      <Filter>Header Files</Filter>
    </ClInclude>
    <ClInclude Include="Button.h">
      <Filter>Header Files</Filter>
    </ClInclude>
    <ClInclude Include="CBaseClientState.h">
      <Filter>Header Files</Filter>
    </ClInclude>
    <ClInclude Include="CCSGameRules.h">
      <Filter>Header Files</Filter>
    </ClInclude>
    <ClInclude Include="CCSWeaponSystem.h">
      <Filter>Header Files</Filter>
    </ClInclude>
    <ClInclude Include="CEffects.h">
      <Filter>Header Files</Filter>
    </ClInclude>
    <ClInclude Include="CGameServer.h">
      <Filter>Header Files</Filter>
    </ClInclude>
    <ClInclude Include="CGameUI.h">
      <Filter>Header Files</Filter>
    </ClInclude>
    <ClInclude Include="CGlobalVars.h">
      <Filter>Header Files</Filter>
    </ClInclude>
    <ClInclude Include="CGlowObjectManager.h">
      <Filter>Header Files</Filter>
    </ClInclude>
    <ClInclude Include="chams.h">
      <Filter>Header Files</Filter>
    </ClInclude>
    <ClInclude Include="Checkbox.h">
      <Filter>Header Files</Filter>
    </ClInclude>
    <ClInclude Include="CInput.h">
      <Filter>Header Files</Filter>
    </ClInclude>
    <ClInclude Include="color.h">
      <Filter>Header Files</Filter>
    </ClInclude>
    <ClInclude Include="ColorPicker.h">
      <Filter>Header Files</Filter>
    </ClInclude>
    <ClInclude Include="ComboBox.h">
      <Filter>Header Files</Filter>
    </ClInclude>
    <ClInclude Include="common.h">
      <Filter>Header Files</Filter>
    </ClInclude>
    <ClInclude Include="controls.h">
      <Filter>Header Files</Filter>
    </ClInclude>
    <ClInclude Include="CPlayerResource.h">
      <Filter>Header Files</Filter>
    </ClInclude>
    <ClInclude Include="CUtlMemory.h">
      <Filter>Header Files</Filter>
    </ClInclude>
    <ClInclude Include="CUtlVector.h">
      <Filter>Header Files</Filter>
    </ClInclude>
    <ClInclude Include="CViewRender.h">
      <Filter>Header Files</Filter>
    </ClInclude>
    <ClInclude Include="definitions.h">
      <Filter>Header Files</Filter>
    </ClInclude>
    <ClInclude Include="dlights.h">
      <Filter>Header Files</Filter>
    </ClInclude>
    <ClInclude Include="entity.h">
      <Filter>Header Files</Filter>
    </ClInclude>
    <ClInclude Include="esp.h">
      <Filter>Header Files</Filter>
    </ClInclude>
    <ClInclude Include="fonts.h">
      <Filter>Header Files</Filter>
    </ClInclude>
    <ClInclude Include="gameevents.h">
      <Filter>Header Files</Filter>
    </ClInclude>
    <ClInclude Include="globals.h">
      <Filter>Header Files</Filter>
    </ClInclude>
    <ClInclude Include="glovechanger.h">
      <Filter>Header Files</Filter>
    </ClInclude>
    <ClInclude Include="glow.h">
      <Filter>Header Files</Filter>
    </ClInclude>
    <ClInclude Include="Group.h">
      <Filter>Header Files</Filter>
    </ClInclude>
    <ClInclude Include="GUI.h">
      <Filter>Header Files</Filter>
    </ClInclude>
    <ClInclude Include="hacks.h">
      <Filter>Header Files</Filter>
    </ClInclude>
    <ClInclude Include="hitmarkers.h">
      <Filter>Header Files</Filter>
    </ClInclude>
    <ClInclude Include="hooks.h">
      <Filter>Header Files</Filter>
    </ClInclude>
    <ClInclude Include="IAppSystem.h">
      <Filter>Header Files</Filter>
    </ClInclude>
    <ClInclude Include="IBaseClientDLL.h">
      <Filter>Header Files</Filter>
    </ClInclude>
    <ClInclude Include="IClientEntity.h">
      <Filter>Header Files</Filter>
    </ClInclude>
    <ClInclude Include="IClientEntityList.h">
      <Filter>Header Files</Filter>
    </ClInclude>
    <ClInclude Include="IClientMode.h">
      <Filter>Header Files</Filter>
    </ClInclude>
    <ClInclude Include="ICommandLine.h">
      <Filter>Header Files</Filter>
    </ClInclude>
    <ClInclude Include="IControl.h">
      <Filter>Header Files</Filter>
    </ClInclude>
    <ClInclude Include="ICvar.h">
      <Filter>Header Files</Filter>
    </ClInclude>
    <ClInclude Include="IEngineClient.h">
      <Filter>Header Files</Filter>
    </ClInclude>
    <ClInclude Include="IEngineSound.h">
      <Filter>Header Files</Filter>
    </ClInclude>
    <ClInclude Include="IEngineTrace.h">
      <Filter>Header Files</Filter>
    </ClInclude>
    <ClInclude Include="IEngineVGui.h">
      <Filter>Header Files</Filter>
    </ClInclude>
    <ClInclude Include="IGameEvent.h">
      <Filter>Header Files</Filter>
    </ClInclude>
    <ClInclude Include="IGameMovement.h">
      <Filter>Header Files</Filter>
    </ClInclude>
    <ClInclude Include="IInputSystem.h">
      <Filter>Header Files</Filter>
    </ClInclude>
    <ClInclude Include="ILauncherMgr.h">
      <Filter>Header Files</Filter>
    </ClInclude>
    <ClInclude Include="ILocalize.h">
      <Filter>Header Files</Filter>
    </ClInclude>
    <ClInclude Include="IMaterial.h">
      <Filter>Header Files</Filter>
    </ClInclude>
    <ClInclude Include="IMaterialSystem.h">
      <Filter>Header Files</Filter>
    </ClInclude>
    <ClInclude Include="IMenu.h">
      <Filter>Header Files</Filter>
    </ClInclude>
    <ClInclude Include="interfaces.h">
      <Filter>Header Files</Filter>
    </ClInclude>
    <ClInclude Include="IPhysicsSurfaceProps.h">
      <Filter>Header Files</Filter>
    </ClInclude>
    <ClInclude Include="IPrediction.h">
      <Filter>Header Files</Filter>
    </ClInclude>
    <ClInclude Include="ISteamHTTP.h">
      <Filter>Header Files</Filter>
    </ClInclude>
    <ClInclude Include="ISurface.h">
      <Filter>Header Files</Filter>
    </ClInclude>
    <ClInclude Include="IVDebugOverlay.h">
      <Filter>Header Files</Filter>
    </ClInclude>
    <ClInclude Include="IVModelInfo.h">
      <Filter>Header Files</Filter>
    </ClInclude>
    <ClInclude Include="IVModelRender.h">
      <Filter>Header Files</Filter>
    </ClInclude>
    <ClInclude Include="IVPanel.h">
      <Filter>Header Files</Filter>
    </ClInclude>
    <ClInclude Include="KeyBind.h">
      <Filter>Header Files</Filter>
    </ClInclude>
    <ClInclude Include="KeyValues.h">
      <Filter>Header Files</Filter>
    </ClInclude>
    <ClInclude Include="math.h">
      <Filter>Header Files</Filter>
    </ClInclude>
    <ClInclude Include="MatSysConfig.h">
      <Filter>Header Files</Filter>
    </ClInclude>
    <ClInclude Include="menu.h">
      <Filter>Header Files</Filter>
    </ClInclude>
    <ClInclude Include="nadehelper.h">
      <Filter>Header Files</Filter>
    </ClInclude>
    <ClInclude Include="nadepred.h">
      <Filter>Header Files</Filter>
    </ClInclude>
    <ClInclude Include="netvar.h">
      <Filter>Header Files</Filter>
    </ClInclude>
    <ClInclude Include="noflash.h">
      <Filter>Header Files</Filter>
    </ClInclude>
    <ClInclude Include="nosmoke.h">
      <Filter>Header Files</Filter>
    </ClInclude>
    <ClInclude Include="offsets.h">
      <Filter>Header Files</Filter>
    </ClInclude>
    <ClInclude Include="overrideview.h">
      <Filter>Header Files</Filter>
    </ClInclude>
    <ClInclude Include="Path.h">
      <Filter>Header Files</Filter>
    </ClInclude>
    <ClInclude Include="pvsfix.h">
      <Filter>Header Files</Filter>
    </ClInclude>
    <ClInclude Include="rankrevealer.h">
      <Filter>Header Files</Filter>
    </ClInclude>
    <ClInclude Include="rcs.h">
      <Filter>Header Files</Filter>
    </ClInclude>
    <ClInclude Include="render.h">
      <Filter>Header Files</Filter>
    </ClInclude>
    <ClInclude Include="sdk.h">
      <Filter>Header Files</Filter>
    </ClInclude>
    <ClInclude Include="SearchBox.h">
      <Filter>Header Files</Filter>
    </ClInclude>
    <ClInclude Include="settings.h">
      <Filter>Header Files</Filter>
    </ClInclude>
    <ClInclude Include="skinchanger.h">
      <Filter>Header Files</Filter>
    </ClInclude>
    <ClInclude Include="skinparser.h">
      <Filter>Header Files</Filter>
    </ClInclude>
    <ClInclude Include="SkyChanger.h">
      <Filter>Header Files</Filter>
    </ClInclude>
    <ClInclude Include="Slider.h">
      <Filter>Header Files</Filter>
    </ClInclude>
    <ClInclude Include="speclist.h">
      <Filter>Header Files</Filter>
    </ClInclude>
    <ClInclude Include="SpotifyControls.h">
      <Filter>Header Files</Filter>
    </ClInclude>
    <ClInclude Include="stickers.h">
      <Filter>Header Files</Filter>
    </ClInclude>
    <ClInclude Include="Tab.h">
      <Filter>Header Files</Filter>
    </ClInclude>
    <ClInclude Include="thirdperson.h">
      <Filter>Header Files</Filter>
    </ClInclude>
    <ClInclude Include="tinyxml.h">
      <Filter>Header Files</Filter>
    </ClInclude>
    <ClInclude Include="Toggle.h">
      <Filter>Header Files</Filter>
    </ClInclude>
    <ClInclude Include="triggerbot.h">
      <Filter>Header Files</Filter>
    </ClInclude>
    <ClInclude Include="utilities.h">
      <Filter>Header Files</Filter>
    </ClInclude>
    <ClInclude Include="vector.h">
      <Filter>Header Files</Filter>
    </ClInclude>
    <ClInclude Include="Vector2D.h">
      <Filter>Header Files</Filter>
    </ClInclude>
  </ItemGroup>
  <ItemGroup>
    <None Include="README.md" />
  </ItemGroup>
</Project>